
Microsoft Visual Studio Solution File, Format Version 12.00
# Visual Studio Version 17
VisualStudioVersion = 17.0.32126.317
MinimumVisualStudioVersion = 10.0.40219.1
Project("{FAE04EC0-301F-11D3-BF4B-00C04F79EFBC}") = "enums and layers", "enums and layers\enums and layers.csproj", "{CCC1FE7A-C8AD-4B68-A3E9-D9B09E2C41D3}"
EndProject
Global
	GlobalSection(SolutionConfigurationPlatforms) = preSolution
		Debug|Any CPU = Debug|Any CPU
		Release|Any CPU = Release|Any CPU
	EndGlobalSection
	GlobalSection(ProjectConfigurationPlatforms) = postSolution
		{CCC1FE7A-C8AD-4B68-A3E9-D9B09E2C41D3}.Debug|Any CPU.ActiveCfg = Debug|Any CPU
		{CCC1FE7A-C8AD-4B68-A3E9-D9B09E2C41D3}.Debug|Any CPU.Build.0 = Debug|Any CPU
		{CCC1FE7A-C8AD-4B68-A3E9-D9B09E2C41D3}.Release|Any CPU.ActiveCfg = Release|Any CPU
		{CCC1FE7A-C8AD-4B68-A3E9-D9B09E2C41D3}.Release|Any CPU.Build.0 = Release|Any CPU
	EndGlobalSection
	GlobalSection(SolutionProperties) = preSolution
		HideSolutionNode = FALSE
	EndGlobalSection
	GlobalSection(ExtensibilityGlobals) = postSolution
		SolutionGuid = {344654C0-0B28-474E-BA30-CA792EC5CEA3}
	EndGlobalSection
EndGlobal
