
Microsoft Visual Studio Solution File, Format Version 12.00
# Visual Studio Version 17
VisualStudioVersion = 17.0.32126.317
MinimumVisualStudioVersion = 10.0.40219.1
Project("{9A19103F-16F7-4668-BE54-9A1E7A4F7556}") = "Linq intro", "Linq intro\Linq intro.csproj", "{870173DB-A008-4CA0-AE0C-0BACB21211C9}"
EndProject
Project("{2150E333-8FDC-42A3-9474-1A3956D46DE8}") = "database", "database", "{A3E11B62-DF8A-4134-846C-8743D5B564BC}"
	ProjectSection(SolutionItems) = preProject
		category.csv = category.csv
		output.csv = output.csv
		products.csv = products.csv
	EndProjectSection
EndProject
Global
	GlobalSection(SolutionConfigurationPlatforms) = preSolution
		Debug|Any CPU = Debug|Any CPU
		Release|Any CPU = Release|Any CPU
	EndGlobalSection
	GlobalSection(ProjectConfigurationPlatforms) = postSolution
		{870173DB-A008-4CA0-AE0C-0BACB21211C9}.Debug|Any CPU.ActiveCfg = Debug|Any CPU
		{870173DB-A008-4CA0-AE0C-0BACB21211C9}.Debug|Any CPU.Build.0 = Debug|Any CPU
		{870173DB-A008-4CA0-AE0C-0BACB21211C9}.Release|Any CPU.ActiveCfg = Release|Any CPU
		{870173DB-A008-4CA0-AE0C-0BACB21211C9}.Release|Any CPU.Build.0 = Release|Any CPU
	EndGlobalSection
	GlobalSection(SolutionProperties) = preSolution
		HideSolutionNode = FALSE
	EndGlobalSection
	GlobalSection(ExtensibilityGlobals) = postSolution
		SolutionGuid = {639E2334-6BD1-4C79-8D64-3BCC24A04E1E}
	EndGlobalSection
EndGlobal
