
Microsoft Visual Studio Solution File, Format Version 12.00
# Visual Studio Version 17
VisualStudioVersion = 17.0.32126.317
MinimumVisualStudioVersion = 10.0.40219.1
Project("{9A19103F-16F7-4668-BE54-9A1E7A4F7556}") = "Class and Objects", "Class and Objects.csproj", "{736D9508-41E8-47EB-84A5-D22B867F414A}"
EndProject
Global
	GlobalSection(SolutionConfigurationPlatforms) = preSolution
		Debug|Any CPU = Debug|Any CPU
		Release|Any CPU = Release|Any CPU
	EndGlobalSection
	GlobalSection(ProjectConfigurationPlatforms) = postSolution
		{736D9508-41E8-47EB-84A5-D22B867F414A}.Debug|Any CPU.ActiveCfg = Debug|Any CPU
		{736D9508-41E8-47EB-84A5-D22B867F414A}.Debug|Any CPU.Build.0 = Debug|Any CPU
		{736D9508-41E8-47EB-84A5-D22B867F414A}.Release|Any CPU.ActiveCfg = Release|Any CPU
		{736D9508-41E8-47EB-84A5-D22B867F414A}.Release|Any CPU.Build.0 = Release|Any CPU
	EndGlobalSection
	GlobalSection(SolutionProperties) = preSolution
		HideSolutionNode = FALSE
	EndGlobalSection
	GlobalSection(ExtensibilityGlobals) = postSolution
		SolutionGuid = {1DCCB081-189B-4C81-A18E-47F397267A28}
	EndGlobalSection
EndGlobal
